{
    "_meta": {
        "hash": {
            "sha256": "0d49dd25642d7eee01d9c579c944fbfd5ba9b8543f2e9d566a25f6bb7e877453"
        },
        "pipfile-spec": 6,
        "requires": {
            "python_version": "3.10"
        },
        "sources": [
            {
                "name": "pypi",
                "url": "https://pypi.org/simple",
                "verify_ssl": true
            }
        ]
    },
    "default": {
        "tinydb": {
            "hashes": [
                "sha256:1534e498ca23f55c43b0f1e7c0cf174049498ab45a887c82ba9831e0f9868df3",
                "sha256:8955c239a79b8a6c8f637900152e2de38690848199d71d870c33c16405433ca5"
            ],
            "index": "pypi",
            "version": "==4.7.1"
        }
    },
    "develop": {}
}
